
Microsoft Visual Studio Solution File, Format Version 12.00
# Visual Studio Version 16
VisualStudioVersion = 16.0.32106.194
MinimumVisualStudioVersion = 10.0.40219.1
Project("{FAE04EC0-301F-11D3-BF4B-00C04F79EFBC}") = "Testes", "Testes.csproj", "{1DC7681D-F9A8-46A5-AA76-0E861B996D1F}"
EndProject
Global
	GlobalSection(SolutionConfigurationPlatforms) = preSolution
		Debug|Any CPU = Debug|Any CPU
		Release|Any CPU = Release|Any CPU
	EndGlobalSection
	GlobalSection(ProjectConfigurationPlatforms) = postSolution
		{1DC7681D-F9A8-46A5-AA76-0E861B996D1F}.Debug|Any CPU.ActiveCfg = Debug|Any CPU
		{1DC7681D-F9A8-46A5-AA76-0E861B996D1F}.Debug|Any CPU.Build.0 = Debug|Any CPU
		{1DC7681D-F9A8-46A5-AA76-0E861B996D1F}.Release|Any CPU.ActiveCfg = Release|Any CPU
		{1DC7681D-F9A8-46A5-AA76-0E861B996D1F}.Release|Any CPU.Build.0 = Release|Any CPU
	EndGlobalSection
	GlobalSection(SolutionProperties) = preSolution
		HideSolutionNode = FALSE
	EndGlobalSection
	GlobalSection(ExtensibilityGlobals) = postSolution
		SolutionGuid = {802BF4E0-0BCE-4A7A-A6B0-5B6A4FCA90C2}
	EndGlobalSection
EndGlobal
